
Microsoft Visual Studio Solution File, Format Version 12.00
# Visual Studio Version 17
VisualStudioVersion = 17.3.32929.385
MinimumVisualStudioVersion = 10.0.40219.1
Project("{FAE04EC0-301F-11D3-BF4B-00C04F79EFBC}") = "ValidateNames", "ValidateNames\ValidateNames.csproj", "{5ADC53DF-C7B3-4E58-90A9-4F1A9D9F13BF}"
EndProject
Project("{FAE04EC0-301F-11D3-BF4B-00C04F79EFBC}") = "ValidateNamesAPI", "ValidateNamesAPI\ValidateNamesAPI.csproj", "{B9656044-8ED8-4C28-89E6-330D45B44D57}"
EndProject
Global
	GlobalSection(SolutionConfigurationPlatforms) = preSolution
		Debug|Any CPU = Debug|Any CPU
		Release|Any CPU = Release|Any CPU
	EndGlobalSection
	GlobalSection(ProjectConfigurationPlatforms) = postSolution
		{5ADC53DF-C7B3-4E58-90A9-4F1A9D9F13BF}.Debug|Any CPU.ActiveCfg = Debug|Any CPU
		{5ADC53DF-C7B3-4E58-90A9-4F1A9D9F13BF}.Debug|Any CPU.Build.0 = Debug|Any CPU
		{5ADC53DF-C7B3-4E58-90A9-4F1A9D9F13BF}.Release|Any CPU.ActiveCfg = Release|Any CPU
		{5ADC53DF-C7B3-4E58-90A9-4F1A9D9F13BF}.Release|Any CPU.Build.0 = Release|Any CPU
		{B9656044-8ED8-4C28-89E6-330D45B44D57}.Debug|Any CPU.ActiveCfg = Debug|Any CPU
		{B9656044-8ED8-4C28-89E6-330D45B44D57}.Debug|Any CPU.Build.0 = Debug|Any CPU
		{B9656044-8ED8-4C28-89E6-330D45B44D57}.Release|Any CPU.ActiveCfg = Release|Any CPU
		{B9656044-8ED8-4C28-89E6-330D45B44D57}.Release|Any CPU.Build.0 = Release|Any CPU
	EndGlobalSection
	GlobalSection(SolutionProperties) = preSolution
		HideSolutionNode = FALSE
	EndGlobalSection
	GlobalSection(ExtensibilityGlobals) = postSolution
		SolutionGuid = {60009745-EF17-49E8-B5BA-1E7900418C60}
	EndGlobalSection
EndGlobal
